
Microsoft Visual Studio Solution File, Format Version 12.00
# Visual Studio 14
VisualStudioVersion = 14.0.24720.0
MinimumVisualStudioVersion = 10.0.40219.1
Project("{FAE04EC0-301F-11D3-BF4B-00C04F79EFBC}") = "SeleniumDemo.Supports", "SeleniumDemo.Supports\SeleniumDemo.Supports.csproj", "{1FD65888-FE51-4763-881E-954C46C0DD14}"
EndProject
Project("{FAE04EC0-301F-11D3-BF4B-00C04F79EFBC}") = "SeleniumDemo", "SeleniumDemo\SeleniumDemo.csproj", "{410FB655-8C00-400F-8198-C2A86AAA2792}"
EndProject
Project("{2150E333-8FDC-42A3-9474-1A3956D46DE8}") = "SeleniumWithPOM", "SeleniumWithPOM", "{39984137-24C8-47AA-A2BE-3764CE1CA875}"
EndProject
Project("{2150E333-8FDC-42A3-9474-1A3956D46DE8}") = "SimpleSelenium", "SimpleSelenium", "{6CE35B67-2D82-4206-8221-100522A358C6}"
EndProject
Project("{FAE04EC0-301F-11D3-BF4B-00C04F79EFBC}") = "SeleniumUnitTestProject", "SeleniumUnitTestProject\SeleniumUnitTestProject.csproj", "{8BE97FA7-6917-4171-A085-64588F3E1398}"
EndProject
Project("{2150E333-8FDC-42A3-9474-1A3956D46DE8}") = "Microsoft UnitTest", "Microsoft UnitTest", "{6CA9E987-CF9F-4DF3-8614-1BB1B5B632C0}"
EndProject
Project("{FAE04EC0-301F-11D3-BF4B-00C04F79EFBC}") = "MyCalculator", "MyCalculator\MyCalculator.csproj", "{EAB8D881-2545-4C22-880D-C0CF82B8B235}"
EndProject
Project("{FAE04EC0-301F-11D3-BF4B-00C04F79EFBC}") = "MyCalculator.Tests", "MyCalculator.Tests\MyCalculator.Tests.csproj", "{9FA2016A-1A17-4BC2-803C-D62C419D2463}"
EndProject
Project("{FAE04EC0-301F-11D3-BF4B-00C04F79EFBC}") = "OrderDemo", "OrderDemo\OrderDemo.csproj", "{9491D8C5-4969-4FCE-AD0D-65E0B72F6C0E}"
EndProject
Project("{FAE04EC0-301F-11D3-BF4B-00C04F79EFBC}") = "OrderDemo.Tests", "OrderDemo.Tests\OrderDemo.Tests.csproj", "{88789B4D-61B6-4420-A49B-1D6960BCFE03}"
EndProject
Global
	GlobalSection(SolutionConfigurationPlatforms) = preSolution
		Debug|Any CPU = Debug|Any CPU
		Release|Any CPU = Release|Any CPU
	EndGlobalSection
	GlobalSection(ProjectConfigurationPlatforms) = postSolution
		{1FD65888-FE51-4763-881E-954C46C0DD14}.Debug|Any CPU.ActiveCfg = Debug|Any CPU
		{1FD65888-FE51-4763-881E-954C46C0DD14}.Debug|Any CPU.Build.0 = Debug|Any CPU
		{1FD65888-FE51-4763-881E-954C46C0DD14}.Release|Any CPU.ActiveCfg = Release|Any CPU
		{1FD65888-FE51-4763-881E-954C46C0DD14}.Release|Any CPU.Build.0 = Release|Any CPU
		{410FB655-8C00-400F-8198-C2A86AAA2792}.Debug|Any CPU.ActiveCfg = Debug|Any CPU
		{410FB655-8C00-400F-8198-C2A86AAA2792}.Debug|Any CPU.Build.0 = Debug|Any CPU
		{410FB655-8C00-400F-8198-C2A86AAA2792}.Release|Any CPU.ActiveCfg = Release|Any CPU
		{410FB655-8C00-400F-8198-C2A86AAA2792}.Release|Any CPU.Build.0 = Release|Any CPU
		{8BE97FA7-6917-4171-A085-64588F3E1398}.Debug|Any CPU.ActiveCfg = Debug|Any CPU
		{8BE97FA7-6917-4171-A085-64588F3E1398}.Debug|Any CPU.Build.0 = Debug|Any CPU
		{8BE97FA7-6917-4171-A085-64588F3E1398}.Release|Any CPU.ActiveCfg = Release|Any CPU
		{8BE97FA7-6917-4171-A085-64588F3E1398}.Release|Any CPU.Build.0 = Release|Any CPU
		{EAB8D881-2545-4C22-880D-C0CF82B8B235}.Debug|Any CPU.ActiveCfg = Debug|Any CPU
		{EAB8D881-2545-4C22-880D-C0CF82B8B235}.Debug|Any CPU.Build.0 = Debug|Any CPU
		{EAB8D881-2545-4C22-880D-C0CF82B8B235}.Release|Any CPU.ActiveCfg = Release|Any CPU
		{EAB8D881-2545-4C22-880D-C0CF82B8B235}.Release|Any CPU.Build.0 = Release|Any CPU
		{9FA2016A-1A17-4BC2-803C-D62C419D2463}.Debug|Any CPU.ActiveCfg = Debug|Any CPU
		{9FA2016A-1A17-4BC2-803C-D62C419D2463}.Debug|Any CPU.Build.0 = Debug|Any CPU
		{9FA2016A-1A17-4BC2-803C-D62C419D2463}.Release|Any CPU.ActiveCfg = Release|Any CPU
		{9FA2016A-1A17-4BC2-803C-D62C419D2463}.Release|Any CPU.Build.0 = Release|Any CPU
		{9491D8C5-4969-4FCE-AD0D-65E0B72F6C0E}.Debug|Any CPU.ActiveCfg = Debug|Any CPU
		{9491D8C5-4969-4FCE-AD0D-65E0B72F6C0E}.Debug|Any CPU.Build.0 = Debug|Any CPU
		{9491D8C5-4969-4FCE-AD0D-65E0B72F6C0E}.Release|Any CPU.ActiveCfg = Release|Any CPU
		{9491D8C5-4969-4FCE-AD0D-65E0B72F6C0E}.Release|Any CPU.Build.0 = Release|Any CPU
		{88789B4D-61B6-4420-A49B-1D6960BCFE03}.Debug|Any CPU.ActiveCfg = Debug|Any CPU
		{88789B4D-61B6-4420-A49B-1D6960BCFE03}.Debug|Any CPU.Build.0 = Debug|Any CPU
		{88789B4D-61B6-4420-A49B-1D6960BCFE03}.Release|Any CPU.ActiveCfg = Release|Any CPU
		{88789B4D-61B6-4420-A49B-1D6960BCFE03}.Release|Any CPU.Build.0 = Release|Any CPU
	EndGlobalSection
	GlobalSection(SolutionProperties) = preSolution
		HideSolutionNode = FALSE
	EndGlobalSection
	GlobalSection(NestedProjects) = preSolution
		{1FD65888-FE51-4763-881E-954C46C0DD14} = {39984137-24C8-47AA-A2BE-3764CE1CA875}
		{410FB655-8C00-400F-8198-C2A86AAA2792} = {39984137-24C8-47AA-A2BE-3764CE1CA875}
		{8BE97FA7-6917-4171-A085-64588F3E1398} = {6CE35B67-2D82-4206-8221-100522A358C6}
		{EAB8D881-2545-4C22-880D-C0CF82B8B235} = {6CA9E987-CF9F-4DF3-8614-1BB1B5B632C0}
		{9FA2016A-1A17-4BC2-803C-D62C419D2463} = {6CA9E987-CF9F-4DF3-8614-1BB1B5B632C0}
		{9491D8C5-4969-4FCE-AD0D-65E0B72F6C0E} = {6CA9E987-CF9F-4DF3-8614-1BB1B5B632C0}
		{88789B4D-61B6-4420-A49B-1D6960BCFE03} = {6CA9E987-CF9F-4DF3-8614-1BB1B5B632C0}
	EndGlobalSection
EndGlobal
